// !$*UTF8*$!
{
	archiveVersion = 1;
	classes = {
	};
	objectVersion = 77;
	objects = {

/* Begin PBXContainerItemProxy section */
		752EDC1D2D4D1F5A0038686C /* PBXContainerItemProxy */ = {
			isa = PBXContainerItemProxy;
			containerPortal = 752EDC042D4D1F590038686C /* Project object */;
			proxyType = 1;
			remoteGlobalIDString = 752EDC0B2D4D1F590038686C;
			remoteInfo = Ferienverwaltung;
		};
		752EDC272D4D1F5B0038686C /* PBXContainerItemProxy */ = {
			isa = PBXContainerItemProxy;
			containerPortal = 752EDC042D4D1F590038686C /* Project object */;
			proxyType = 1;
			remoteGlobalIDString = 752EDC0B2D4D1F590038686C;
			remoteInfo = Ferienverwaltung;
		};
/* End PBXContainerItemProxy section */

/* Begin PBXFileReference section */
		752EDC0C2D4D1F590038686C /* Ferienverwaltung.app */ = {isa = PBXFileReference; explicitFileType = wrapper.application; includeInIndex = 0; path = Ferienverwaltung.app; sourceTree = BUILT_PRODUCTS_DIR; };
		752EDC1C2D4D1F5A0038686C /* FerienverwaltungTests.xctest */ = {isa = PBXFileReference; explicitFileType = wrapper.cfbundle; includeInIndex = 0; path = FerienverwaltungTests.xctest; sourceTree = BUILT_PRODUCTS_DIR; };
		752EDC262D4D1F5B0038686C /* FerienverwaltungUITests.xctest */ = {isa = PBXFileReference; explicitFileType = wrapper.cfbundle; includeInIndex = 0; path = FerienverwaltungUITests.xctest; sourceTree = BUILT_PRODUCTS_DIR; };
/* End PBXFileReference section */

/* Begin PBXFileSystemSynchronizedRootGroup section */
		752EDC0E2D4D1F590038686C /* Ferienverwaltung */ = {
			isa = PBXFileSystemSynchronizedRootGroup;
			path = Ferienverwaltung;
			sourceTree = "<group>";
		};
		752EDC1F2D4D1F5A0038686C /* FerienverwaltungTests */ = {
			isa = PBXFileSystemSynchronizedRootGroup;
			path = FerienverwaltungTests;
			sourceTree = "<group>";
		};
		752EDC292D4D1F5B0038686C /* FerienverwaltungUITests */ = {
			isa = PBXFileSystemSynchronizedRootGroup;
			path = FerienverwaltungUITests;
			sourceTree = "<group>";
		};
/* End PBXFileSystemSynchronizedRootGroup section */

/* Begin PBXFrameworksBuildPhase section */
		752EDC092D4D1F590038686C /* Frameworks */ = {
			isa = PBXFrameworksBuildPhase;
			buildActionMask = 2147483647;
			files = (
			);
			runOnlyForDeploymentPostprocessing = 0;
		};
		752EDC192D4D1F5A0038686C /* Frameworks */ = {
			isa = PBXFrameworksBuildPhase;
			buildActionMask = 2147483647;
			files = (
			);
			runOnlyForDeploymentPostprocessing = 0;
		};
		752EDC232D4D1F5B0038686C /* Frameworks */ = {
			isa = PBXFrameworksBuildPhase;
			buildActionMask = 2147483647;
			files = (
			);
			runOnlyForDeploymentPostprocessing = 0;
		};
/* End PBXFrameworksBuildPhase section */

/* Begin PBXGroup section */
		752EDC032D4D1F590038686C = {
			isa = PBXGroup;
			children = (
				752EDC0E2D4D1F590038686C /* Ferienverwaltung */,
				752EDC1F2D4D1F5A0038686C /* FerienverwaltungTests */,
				752EDC292D4D1F5B0038686C /* FerienverwaltungUITests */,
				752EDC0D2D4D1F590038686C /* Products */,
			);
			sourceTree = "<group>";
		};
		752EDC0D2D4D1F590038686C /* Products */ = {
			isa = PBXGroup;
			children = (
				752EDC0C2D4D1F590038686C /* Ferienverwaltung.app */,
				752EDC1C2D4D1F5A0038686C /* FerienverwaltungTests.xctest */,
				752EDC262D4D1F5B0038686C /* FerienverwaltungUITests.xctest */,
			);
			name = Products;
			sourceTree = "<group>";
		};
/* End PBXGroup section */

/* Begin PBXNativeTarget section */
		752EDC0B2D4D1F590038686C /* Ferienverwaltung */ = {
			isa = PBXNativeTarget;
			buildConfigurationList = 752EDC302D4D1F5B0038686C /* Build configuration list for PBXNativeTarget "Ferienverwaltung" */;
			buildPhases = (
				752EDC082D4D1F590038686C /* Sources */,
				752EDC092D4D1F590038686C /* Frameworks */,
				752EDC0A2D4D1F590038686C /* Resources */,
			);
			buildRules = (
			);
			dependencies = (
			);
			fileSystemSynchronizedGroups = (
				752EDC0E2D4D1F590038686C /* Ferienverwaltung */,
			);
			name = Ferienverwaltung;
			packageProductDependencies = (
			);
			productName = Ferienverwaltung;
			productReference = 752EDC0C2D4D1F590038686C /* Ferienverwaltung.app */;
			productType = "com.apple.product-type.application";
		};
		752EDC1B2D4D1F5A0038686C /* FerienverwaltungTests */ = {
			isa = PBXNativeTarget;
			buildConfigurationList = 752EDC332D4D1F5B0038686C /* Build configuration list for PBXNativeTarget "FerienverwaltungTests" */;
			buildPhases = (
				752EDC182D4D1F5A0038686C /* Sources */,
				752EDC192D4D1F5A0038686C /* Frameworks */,
				752EDC1A2D4D1F5A0038686C /* Resources */,
			);
			buildRules = (
			);
			dependencies = (
				752EDC1E2D4D1F5A0038686C /* PBXTargetDependency */,
			);
			fileSystemSynchronizedGroups = (
				752EDC1F2D4D1F5A0038686C /* FerienverwaltungTests */,
			);
			name = FerienverwaltungTests;
			packageProductDependencies = (
			);
			productName = FerienverwaltungTests;
			productReference = 752EDC1C2D4D1F5A0038686C /* FerienverwaltungTests.xctest */;
			productType = "com.apple.product-type.bundle.unit-test";
		};
		752EDC252D4D1F5B0038686C /* FerienverwaltungUITests */ = {
			isa = PBXNativeTarget;
			buildConfigurationList = 752EDC362D4D1F5B0038686C /* Build configuration list for PBXNativeTarget "FerienverwaltungUITests" */;
			buildPhases = (
				752EDC222D4D1F5B0038686C /* Sources */,
				752EDC232D4D1F5B0038686C /* Frameworks */,
				752EDC242D4D1F5B0038686C /* Resources */,
			);
			buildRules = (
			);
			dependencies = (
				752EDC282D4D1F5B0038686C /* PBXTargetDependency */,
			);
			fileSystemSynchronizedGroups = (
				752EDC292D4D1F5B0038686C /* FerienverwaltungUITests */,
			);
			name = FerienverwaltungUITests;
			packageProductDependencies = (
			);
			productName = FerienverwaltungUITests;
			productReference = 752EDC262D4D1F5B0038686C /* FerienverwaltungUITests.xctest */;
			productType = "com.apple.product-type.bundle.ui-testing";
		};
/* End PBXNativeTarget section */

/* Begin PBXProject section */
		752EDC042D4D1F590038686C /* Project object */ = {
			isa = PBXProject;
			attributes = {
				BuildIndependentTargetsInParallel = 1;
				LastSwiftUpdateCheck = 1620;
				LastUpgradeCheck = 1620;
				TargetAttributes = {
					752EDC0B2D4D1F590038686C = {
						CreatedOnToolsVersion = 16.2;
					};
					752EDC1B2D4D1F5A0038686C = {
						CreatedOnToolsVersion = 16.2;
						TestTargetID = 752EDC0B2D4D1F590038686C;
					};
					752EDC252D4D1F5B0038686C = {
						CreatedOnToolsVersion = 16.2;
						TestTargetID = 752EDC0B2D4D1F590038686C;
					};
				};
			};
			buildConfigurationList = 752EDC072D4D1F590038686C /* Build configuration list for PBXProject "Ferienverwaltung" */;
			developmentRegion = en;
			hasScannedForEncodings = 0;
			knownRegions = (
				en,
				Base,
			);
			mainGroup = 752EDC032D4D1F590038686C;
			minimizedProjectReferenceProxies = 1;
			preferredProjectObjectVersion = 77;
			productRefGroup = 752EDC0D2D4D1F590038686C /* Products */;
			projectDirPath = "";
			projectRoot = "";
			targets = (
				752EDC0B2D4D1F590038686C /* Ferienverwaltung */,
				752EDC1B2D4D1F5A0038686C /* FerienverwaltungTests */,
				752EDC252D4D1F5B0038686C /* FerienverwaltungUITests */,
			);
		};
/* End PBXProject section */

/* Begin PBXResourcesBuildPhase section */
		752EDC0A2D4D1F590038686C /* Resources */ = {
			isa = PBXResourcesBuildPhase;
			buildActionMask = 2147483647;
			files = (
			);
			runOnlyForDeploymentPostprocessing = 0;
		};
		752EDC1A2D4D1F5A0038686C /* Resources */ = {
			isa = PBXResourcesBuildPhase;
			buildActionMask = 2147483647;
			files = (
			);
			runOnlyForDeploymentPostprocessing = 0;
		};
		752EDC242D4D1F5B0038686C /* Resources */ = {
			isa = PBXResourcesBuildPhase;
			buildActionMask = 2147483647;
			files = (
			);
			runOnlyForDeploymentPostprocessing = 0;
		};
/* End PBXResourcesBuildPhase section */

/* Begin PBXSourcesBuildPhase section */
		752EDC082D4D1F590038686C /* Sources */ = {
			isa = PBXSourcesBuildPhase;
			buildActionMask = 2147483647;
			files = (
			);
			runOnlyForDeploymentPostprocessing = 0;
		};
		752EDC182D4D1F5A0038686C /* Sources */ = {
			isa = PBXSourcesBuildPhase;
			buildActionMask = 2147483647;
			files = (
			);
			runOnlyForDeploymentPostprocessing = 0;
		};
		752EDC222D4D1F5B0038686C /* Sources */ = {
			isa = PBXSourcesBuildPhase;
			buildActionMask = 2147483647;
			files = (
			);
			runOnlyForDeploymentPostprocessing = 0;
		};
/* End PBXSourcesBuildPhase section */

/* Begin PBXTargetDependency section */
		752EDC1E2D4D1F5A0038686C /* PBXTargetDependency */ = {
			isa = PBXTargetDependency;
			target = 752EDC0B2D4D1F590038686C /* Ferienverwaltung */;
			targetProxy = 752EDC1D2D4D1F5A0038686C /* PBXContainerItemProxy */;
		};
		752EDC282D4D1F5B0038686C /* PBXTargetDependency */ = {
			isa = PBXTargetDependency;
			target = 752EDC0B2D4D1F590038686C /* Ferienverwaltung */;
			targetProxy = 752EDC272D4D1F5B0038686C /* PBXContainerItemProxy */;
		};
/* End PBXTargetDependency section */

/* Begin XCBuildConfiguration section */
		752EDC2E2D4D1F5B0038686C /* Debug */ = {
			isa = XCBuildConfiguration;
			buildSettings = {
				ALWAYS_SEARCH_USER_PATHS = NO;
				ASSETCATALOG_COMPILER_GENERATE_SWIFT_ASSET_SYMBOL_EXTENSIONS = YES;
				CLANG_ANALYZER_NONNULL = YES;
				CLANG_ANALYZER_NUMBER_OBJECT_CONVERSION = YES_AGGRESSIVE;
				CLANG_CXX_LANGUAGE_STANDARD = "gnu++20";
				CLANG_ENABLE_MODULES = YES;
				CLANG_ENABLE_OBJC_ARC = YES;
				CLANG_ENABLE_OBJC_WEAK = YES;
				CLANG_WARN_BLOCK_CAPTURE_AUTORELEASING = YES;
				CLANG_WARN_BOOL_CONVERSION = YES;
				CLANG_WARN_COMMA = YES;
				CLANG_WARN_CONSTANT_CONVERSION = YES;
				CLANG_WARN_DEPRECATED_OBJC_IMPLEMENTATIONS = YES;
				CLANG_WARN_DIRECT_OBJC_ISA_USAGE = YES_ERROR;
				CLANG_WARN_DOCUMENTATION_COMMENTS = YES;
				CLANG_WARN_EMPTY_BODY = YES;
				CLANG_WARN_ENUM_CONVERSION = YES;
				CLANG_WARN_INFINITE_RECURSION = YES;
				CLANG_WARN_INT_CONVERSION = YES;
				CLANG_WARN_NON_LITERAL_NULL_CONVERSION = YES;
				CLANG_WARN_OBJC_IMPLICIT_RETAIN_SELF = YES;
				CLANG_WARN_OBJC_LITERAL_CONVERSION = YES;
				CLANG_WARN_OBJC_ROOT_CLASS = YES_ERROR;
				CLANG_WARN_QUOTED_INCLUDE_IN_FRAMEWORK_HEADER = YES;
				CLANG_WARN_RANGE_LOOP_ANALYSIS = YES;
				CLANG_WARN_STRICT_PROTOTYPES = YES;
				CLANG_WARN_SUSPICIOUS_MOVE = YES;
				CLANG_WARN_UNGUARDED_AVAILABILITY = YES_AGGRESSIVE;
				CLANG_WARN_UNREACHABLE_CODE = YES;
				CLANG_WARN__DUPLICATE_METHOD_MATCH = YES;
				COPY_PHASE_STRIP = NO;
				DEBUG_INFORMATION_FORMAT = dwarf;
				ENABLE_STRICT_OBJC_MSGSEND = YES;
				ENABLE_TESTABILITY = YES;
				ENABLE_USER_SCRIPT_SANDBOXING = YES;
				GCC_C_LANGUAGE_STANDARD = gnu17;
				GCC_DYNAMIC_NO_PIC = NO;
				GCC_NO_COMMON_BLOCKS = YES;
				GCC_OPTIMIZATION_LEVEL = 0;
				GCC_PREPROCESSOR_DEFINITIONS = (
					"DEBUG=1",
					"$(inherited)",
				);
				GCC_WARN_64_TO_32_BIT_CONVERSION = YES;
				GCC_WARN_ABOUT_RETURN_TYPE = YES_ERROR;
				GCC_WARN_UNDECLARED_SELECTOR = YES;
				GCC_WARN_UNINITIALIZED_AUTOS = YES_AGGRESSIVE;
				GCC_WARN_UNUSED_FUNCTION = YES;
				GCC_WARN_UNUSED_VARIABLE = YES;
				IPHONEOS_DEPLOYMENT_TARGET = 18.2;
				LOCALIZATION_PREFERS_STRING_CATALOGS = YES;
				MTL_ENABLE_DEBUG_INFO = INCLUDE_SOURCE;
				MTL_FAST_MATH = YES;
				ONLY_ACTIVE_ARCH = YES;
				SDKROOT = iphoneos;
				SWIFT_ACTIVE_COMPILATION_CONDITIONS = "DEBUG $(inherited)";
				SWIFT_OPTIMIZATION_LEVEL = "-Onone";
			};
			name = Debug;
		};
		752EDC2F2D4D1F5B0038686C /* Release */ = {
			isa = XCBuildConfiguration;
			buildSettings = {
				ALWAYS_SEARCH_USER_PATHS = NO;
				ASSETCATALOG_COMPILER_GENERATE_SWIFT_ASSET_SYMBOL_EXTENSIONS = YES;
				CLANG_ANALYZER_NONNULL = YES;
				CLANG_ANALYZER_NUMBER_OBJECT_CONVERSION = YES_AGGRESSIVE;
				CLANG_CXX_LANGUAGE_STANDARD = "gnu++20";
				CLANG_ENABLE_MODULES = YES;
				CLANG_ENABLE_OBJC_ARC = YES;
				CLANG_ENABLE_OBJC_WEAK = YES;
				CLANG_WARN_BLOCK_CAPTURE_AUTORELEASING = YES;
				CLANG_WARN_BOOL_CONVERSION = YES;
				CLANG_WARN_COMMA = YES;
				CLANG_WARN_CONSTANT_CONVERSION = YES;
				CLANG_WARN_DEPRECATED_OBJC_IMPLEMENTATIONS = YES;
				CLANG_WARN_DIRECT_OBJC_ISA_USAGE = YES_ERROR;
				CLANG_WARN_DOCUMENTATION_COMMENTS = YES;
				CLANG_WARN_EMPTY_BODY = YES;
				CLANG_WARN_ENUM_CONVERSION = YES;
				CLANG_WARN_INFINITE_RECURSION = YES;
				CLANG_WARN_INT_CONVERSION = YES;
				CLANG_WARN_NON_LITERAL_NULL_CONVERSION = YES;
				CLANG_WARN_OBJC_IMPLICIT_RETAIN_SELF = YES;
				CLANG_WARN_OBJC_LITERAL_CONVERSION = YES;
				CLANG_WARN_OBJC_ROOT_CLASS = YES_ERROR;
				CLANG_WARN_QUOTED_INCLUDE_IN_FRAMEWORK_HEADER = YES;
				CLANG_WARN_RANGE_LOOP_ANALYSIS = YES;
				CLANG_WARN_STRICT_PROTOTYPES = YES;
				CLANG_WARN_SUSPICIOUS_MOVE = YES;
				CLANG_WARN_UNGUARDED_AVAILABILITY = YES_AGGRESSIVE;
				CLANG_WARN_UNREACHABLE_CODE = YES;
				CLANG_WARN__DUPLICATE_METHOD_MATCH = YES;
				COPY_PHASE_STRIP = NO;
				DEBUG_INFORMATION_FORMAT = "dwarf-with-dsym";
				ENABLE_NS_ASSERTIONS = NO;
				ENABLE_STRICT_OBJC_MSGSEND = YES;
				ENABLE_USER_SCRIPT_SANDBOXING = YES;
				GCC_C_LANGUAGE_STANDARD = gnu17;
				GCC_NO_COMMON_BLOCKS = YES;
				GCC_WARN_64_TO_32_BIT_CONVERSION = YES;
				GCC_WARN_ABOUT_RETURN_TYPE = YES_ERROR;
				GCC_WARN_UNDECLARED_SELECTOR = YES;
				GCC_WARN_UNINITIALIZED_AUTOS = YES_AGGRESSIVE;
				GCC_WARN_UNUSED_FUNCTION = YES;
				GCC_WARN_UNUSED_VARIABLE = YES;
				IPHONEOS_DEPLOYMENT_TARGET = 18.2;
				LOCALIZATION_PREFERS_STRING_CATALOGS = YES;
				MTL_ENABLE_DEBUG_INFO = NO;
				MTL_FAST_MATH = YES;
				SDKROOT = iphoneos;
				SWIFT_COMPILATION_MODE = wholemodule;
				VALIDATE_PRODUCT = YES;
			};
			name = Release;
		};
		752EDC312D4D1F5B0038686C /* Debug */ = {
			isa = XCBuildConfiguration;
			buildSettings = {
				ASSETCATALOG_COMPILER_APPICON_NAME = AppIcon;
				ASSETCATALOG_COMPILER_GLOBAL_ACCENT_COLOR_NAME = AccentColor;
				CODE_SIGN_STYLE = Automatic;
				CURRENT_PROJECT_VERSION = 1;
				DEVELOPMENT_ASSET_PATHS = "\"Ferienverwaltung/Preview Content\"";
				DEVELOPMENT_TEAM = 9MWLM5L82G;
				ENABLE_PREVIEWS = YES;
				GENERATE_INFOPLIST_FILE = YES;
				INFOPLIST_KEY_UIApplicationSceneManifest_Generation = YES;
				INFOPLIST_KEY_UIApplicationSupportsIndirectInputEvents = YES;
				INFOPLIST_KEY_UILaunchScreen_Generation = YES;
				INFOPLIST_KEY_UISupportedInterfaceOrientations_iPad = "UIInterfaceOrientationPortrait UIInterfaceOrientationPortraitUpsideDown UIInterfaceOrientationLandscapeLeft UIInterfaceOrientationLandscapeRight";
				INFOPLIST_KEY_UISupportedInterfaceOrientations_iPhone = "UIInterfaceOrientationPortrait UIInterfaceOrientationLandscapeLeft UIInterfaceOrientationLandscapeRight";
				LD_RUNPATH_SEARCH_PATHS = (
					"$(inherited)",
					"@executable_path/Frameworks",
				);
				MARKETING_VERSION = 1.0;
				PRODUCT_BUNDLE_IDENTIFIER = biz.schellenberger.michael.Ferienverwaltung;
				PRODUCT_NAME = "$(TARGET_NAME)";
				SWIFT_EMIT_LOC_STRINGS = YES;
				SWIFT_VERSION = 5.0;
				TARGETED_DEVICE_FAMILY = "1,2";
			};
			name = Debug;
		};
		752EDC322D4D1F5B0038686C /* Release */ = {
			isa = XCBuildConfiguration;
			buildSettings = {
				ASSETCATALOG_COMPILER_APPICON_NAME = AppIcon;
				ASSETCATALOG_COMPILER_GLOBAL_ACCENT_COLOR_NAME = AccentColor;
				CODE_SIGN_STYLE = Automatic;
				CURRENT_PROJECT_VERSION = 1;
				DEVELOPMENT_ASSET_PATHS = "\"Ferienverwaltung/Preview Content\"";
				DEVELOPMENT_TEAM = 9MWLM5L82G;
				ENABLE_PREVIEWS = YES;
				GENERATE_INFOPLIST_FILE = YES;
				INFOPLIST_KEY_UIApplicationSceneManifest_Generation = YES;
				INFOPLIST_KEY_UIApplicationSupportsIndirectInputEvents = YES;
				INFOPLIST_KEY_UILaunchScreen_Generation = YES;
				INFOPLIST_KEY_UISupportedInterfaceOrientations_iPad = "UIInterfaceOrientationPortrait UIInterfaceOrientationPortraitUpsideDown UIInterfaceOrientationLandscapeLeft UIInterfaceOrientationLandscapeRight";
				INFOPLIST_KEY_UISupportedInterfaceOrientations_iPhone = "UIInterfaceOrientationPortrait UIInterfaceOrientationLandscapeLeft UIInterfaceOrientationLandscapeRight";
				LD_RUNPATH_SEARCH_PATHS = (
					"$(inherited)",
					"@executable_path/Frameworks",
				);
				MARKETING_VERSION = 1.0;
				PRODUCT_BUNDLE_IDENTIFIER = biz.schellenberger.michael.Ferienverwaltung;
				PRODUCT_NAME = "$(TARGET_NAME)";
				SWIFT_EMIT_LOC_STRINGS = YES;
				SWIFT_VERSION = 5.0;
				TARGETED_DEVICE_FAMILY = "1,2";
			};
			name = Release;
		};
		752EDC342D4D1F5B0038686C /* Debug */ = {
			isa = XCBuildConfiguration;
			buildSettings = {
				BUNDLE_LOADER = "$(TEST_HOST)";
				CODE_SIGN_STYLE = Automatic;
				CURRENT_PROJECT_VERSION = 1;
				DEVELOPMENT_TEAM = 9MWLM5L82G;
				GENERATE_INFOPLIST_FILE = YES;
				IPHONEOS_DEPLOYMENT_TARGET = 18.2;
				MARKETING_VERSION = 1.0;
				PRODUCT_BUNDLE_IDENTIFIER = biz.schellenberger.michael.FerienverwaltungTests;
				PRODUCT_NAME = "$(TARGET_NAME)";
				SWIFT_EMIT_LOC_STRINGS = NO;
				SWIFT_VERSION = 5.0;
				TARGETED_DEVICE_FAMILY = "1,2";
				TEST_HOST = "$(BUILT_PRODUCTS_DIR)/Ferienverwaltung.app/$(BUNDLE_EXECUTABLE_FOLDER_PATH)/Ferienverwaltung";
			};
			name = Debug;
		};
		752EDC352D4D1F5B0038686C /* Release */ = {
			isa = XCBuildConfiguration;
			buildSettings = {
				BUNDLE_LOADER = "$(TEST_HOST)";
				CODE_SIGN_STYLE = Automatic;
				CURRENT_PROJECT_VERSION = 1;
				DEVELOPMENT_TEAM = 9MWLM5L82G;
				GENERATE_INFOPLIST_FILE = YES;
				IPHONEOS_DEPLOYMENT_TARGET = 18.2;
				MARKETING_VERSION = 1.0;
				PRODUCT_BUNDLE_IDENTIFIER = biz.schellenberger.michael.FerienverwaltungTests;
				PRODUCT_NAME = "$(TARGET_NAME)";
				SWIFT_EMIT_LOC_STRINGS = NO;
				SWIFT_VERSION = 5.0;
				TARGETED_DEVICE_FAMILY = "1,2";
				TEST_HOST = "$(BUILT_PRODUCTS_DIR)/Ferienverwaltung.app/$(BUNDLE_EXECUTABLE_FOLDER_PATH)/Ferienverwaltung";
			};
			name = Release;
		};
		752EDC372D4D1F5B0038686C /* Debug */ = {
			isa = XCBuildConfiguration;
			buildSettings = {
				CODE_SIGN_STYLE = Automatic;
				CURRENT_PROJECT_VERSION = 1;
				DEVELOPMENT_TEAM = 9MWLM5L82G;
				GENERATE_INFOPLIST_FILE = YES;
				MARKETING_VERSION = 1.0;
				PRODUCT_BUNDLE_IDENTIFIER = biz.schellenberger.michael.FerienverwaltungUITests;
				PRODUCT_NAME = "$(TARGET_NAME)";
				SWIFT_EMIT_LOC_STRINGS = NO;
				SWIFT_VERSION = 5.0;
				TARGETED_DEVICE_FAMILY = "1,2";
				TEST_TARGET_NAME = Ferienverwaltung;
			};
			name = Debug;
		};
		752EDC382D4D1F5B0038686C /* Release */ = {
			isa = XCBuildConfiguration;
			buildSettings = {
				CODE_SIGN_STYLE = Automatic;
				CURRENT_PROJECT_VERSION = 1;
				DEVELOPMENT_TEAM = 9MWLM5L82G;
				GENERATE_INFOPLIST_FILE = YES;
				MARKETING_VERSION = 1.0;
				PRODUCT_BUNDLE_IDENTIFIER = biz.schellenberger.michael.FerienverwaltungUITests;
				PRODUCT_NAME = "$(TARGET_NAME)";
				SWIFT_EMIT_LOC_STRINGS = NO;
				SWIFT_VERSION = 5.0;
				TARGETED_DEVICE_FAMILY = "1,2";
				TEST_TARGET_NAME = Ferienverwaltung;
			};
			name = Release;
		};
/* End XCBuildConfiguration section */

/* Begin XCConfigurationList section */
		752EDC072D4D1F590038686C /* Build configuration list for PBXProject "Ferienverwaltung" */ = {
			isa = XCConfigurationList;
			buildConfigurations = (
				752EDC2E2D4D1F5B0038686C /* Debug */,
				752EDC2F2D4D1F5B0038686C /* Release */,
			);
			defaultConfigurationIsVisible = 0;
			defaultConfigurationName = Release;
		};
		752EDC302D4D1F5B0038686C /* Build configuration list for PBXNativeTarget "Ferienverwaltung" */ = {
			isa = XCConfigurationList;
			buildConfigurations = (
				752EDC312D4D1F5B0038686C /* Debug */,
				752EDC322D4D1F5B0038686C /* Release */,
			);
			defaultConfigurationIsVisible = 0;
			defaultConfigurationName = Release;
		};
		752EDC332D4D1F5B0038686C /* Build configuration list for PBXNativeTarget "FerienverwaltungTests" */ = {
			isa = XCConfigurationList;
			buildConfigurations = (
				752EDC342D4D1F5B0038686C /* Debug */,
				752EDC352D4D1F5B0038686C /* Release */,
			);
			defaultConfigurationIsVisible = 0;
			defaultConfigurationName = Release;
		};
		752EDC362D4D1F5B0038686C /* Build configuration list for PBXNativeTarget "FerienverwaltungUITests" */ = {
			isa = XCConfigurationList;
			buildConfigurations = (
				752EDC372D4D1F5B0038686C /* Debug */,
				752EDC382D4D1F5B0038686C /* Release */,
			);
			defaultConfigurationIsVisible = 0;
			defaultConfigurationName = Release;
		};
/* End XCConfigurationList section */
	};
	rootObject = 752EDC042D4D1F590038686C /* Project object */;
}
